
Microsoft Visual Studio Solution File, Format Version 12.00
# Visual Studio Version 16
VisualStudioVersion = 16.0.31019.35
MinimumVisualStudioVersion = 10.0.40219.1
Project("{FAE04EC0-301F-11D3-BF4B-00C04F79EFBC}") = "SharpRegion", "SharpRegion\SharpRegion.csproj", "{AD933471-F383-4262-9F00-5BF037CE6E61}"
EndProject
Project("{FAE04EC0-301F-11D3-BF4B-00C04F79EFBC}") = "TestApp", "TestApp\TestApp.csproj", "{8A393BE6-4D07-4B06-85C7-8DB771B070F0}"
EndProject
Global
	GlobalSection(SolutionConfigurationPlatforms) = preSolution
		Debug|Any CPU = Debug|Any CPU
		Release|Any CPU = Release|Any CPU
	EndGlobalSection
	GlobalSection(ProjectConfigurationPlatforms) = postSolution
		{AD933471-F383-4262-9F00-5BF037CE6E61}.Debug|Any CPU.ActiveCfg = Debug|Any CPU
		{AD933471-F383-4262-9F00-5BF037CE6E61}.Debug|Any CPU.Build.0 = Debug|Any CPU
		{AD933471-F383-4262-9F00-5BF037CE6E61}.Release|Any CPU.ActiveCfg = Release|Any CPU
		{AD933471-F383-4262-9F00-5BF037CE6E61}.Release|Any CPU.Build.0 = Release|Any CPU
		{8A393BE6-4D07-4B06-85C7-8DB771B070F0}.Debug|Any CPU.ActiveCfg = Debug|Any CPU
		{8A393BE6-4D07-4B06-85C7-8DB771B070F0}.Debug|Any CPU.Build.0 = Debug|Any CPU
		{8A393BE6-4D07-4B06-85C7-8DB771B070F0}.Release|Any CPU.ActiveCfg = Release|Any CPU
		{8A393BE6-4D07-4B06-85C7-8DB771B070F0}.Release|Any CPU.Build.0 = Release|Any CPU
	EndGlobalSection
	GlobalSection(SolutionProperties) = preSolution
		HideSolutionNode = FALSE
	EndGlobalSection
	GlobalSection(ExtensibilityGlobals) = postSolution
		SolutionGuid = {96F98461-EA7D-468A-AD1B-FE6549DABB83}
	EndGlobalSection
EndGlobal
